
Microsoft Visual Studio Solution File, Format Version 12.00
# Visual Studio 14
VisualStudioVersion = 14.0.23107.0
MinimumVisualStudioVersion = 10.0.40219.1
Project("{FAE04EC0-301F-11D3-BF4B-00C04F79EFBC}") = "Maxbuk.Server.Admin", "Maxbuk.Server.Admin\Maxbuk.Server.Admin.csproj", "{56C4829E-2EFF-4C62-A263-66FF1ECB05B7}"
EndProject
Project("{FAE04EC0-301F-11D3-BF4B-00C04F79EFBC}") = "Maxbuk.Server.Core", "Maxbuk.Server.Core\Maxbuk.Server.Core.csproj", "{57E6CD4B-2DCF-4AE4-8669-FDB0797368F7}"
EndProject
Project("{E24C65DC-7377-472B-9ABA-BC803B73C61A}") = "site", "site\", "{734144CF-3FC3-4101-B4B9-E714CF9C393B}"
	ProjectSection(WebsiteProperties) = preProject
		TargetFrameworkMoniker = ".NETFramework,Version%3Dv4.0"
		Debug.AspNetCompiler.VirtualPath = "/localhost_23587"
		Debug.AspNetCompiler.PhysicalPath = "site\"
		Debug.AspNetCompiler.TargetPath = "PrecompiledWeb\localhost_23587\"
		Debug.AspNetCompiler.Updateable = "true"
		Debug.AspNetCompiler.ForceOverwrite = "true"
		Debug.AspNetCompiler.FixedNames = "false"
		Debug.AspNetCompiler.Debug = "True"
		Release.AspNetCompiler.VirtualPath = "/localhost_23587"
		Release.AspNetCompiler.PhysicalPath = "site\"
		Release.AspNetCompiler.TargetPath = "PrecompiledWeb\localhost_23587\"
		Release.AspNetCompiler.Updateable = "true"
		Release.AspNetCompiler.ForceOverwrite = "true"
		Release.AspNetCompiler.FixedNames = "false"
		Release.AspNetCompiler.Debug = "False"
		VWDPort = "23587"
		SlnRelativePath = "site\"
	EndProjectSection
EndProject
Project("{E24C65DC-7377-472B-9ABA-BC803B73C61A}") = "prorok", "prorok\", "{358073F5-CC51-4419-8E63-43F534575BE9}"
	ProjectSection(WebsiteProperties) = preProject
		TargetFrameworkMoniker = ".NETFramework,Version%3Dv4.0"
		Debug.AspNetCompiler.VirtualPath = "/localhost_65312"
		Debug.AspNetCompiler.PhysicalPath = "prorok\"
		Debug.AspNetCompiler.TargetPath = "PrecompiledWeb\localhost_65312\"
		Debug.AspNetCompiler.Updateable = "true"
		Debug.AspNetCompiler.ForceOverwrite = "true"
		Debug.AspNetCompiler.FixedNames = "false"
		Debug.AspNetCompiler.Debug = "True"
		Release.AspNetCompiler.VirtualPath = "/localhost_65312"
		Release.AspNetCompiler.PhysicalPath = "prorok\"
		Release.AspNetCompiler.TargetPath = "PrecompiledWeb\localhost_65312\"
		Release.AspNetCompiler.Updateable = "true"
		Release.AspNetCompiler.ForceOverwrite = "true"
		Release.AspNetCompiler.FixedNames = "false"
		Release.AspNetCompiler.Debug = "False"
		VWDPort = "65312"
		SlnRelativePath = "prorok\"
	EndProjectSection
EndProject
Project("{FAE04EC0-301F-11D3-BF4B-00C04F79EFBC}") = "kakadu", "kakadu\kakadu.csproj", "{2E7EF15C-1E90-4DD4-BCAE-9FB3193FBAD4}"
EndProject
Global
	GlobalSection(SolutionConfigurationPlatforms) = preSolution
		Debug|Any CPU = Debug|Any CPU
		Release|Any CPU = Release|Any CPU
	EndGlobalSection
	GlobalSection(ProjectConfigurationPlatforms) = postSolution
		{56C4829E-2EFF-4C62-A263-66FF1ECB05B7}.Debug|Any CPU.ActiveCfg = Debug|Any CPU
		{56C4829E-2EFF-4C62-A263-66FF1ECB05B7}.Debug|Any CPU.Build.0 = Debug|Any CPU
		{56C4829E-2EFF-4C62-A263-66FF1ECB05B7}.Release|Any CPU.ActiveCfg = Release|Any CPU
		{56C4829E-2EFF-4C62-A263-66FF1ECB05B7}.Release|Any CPU.Build.0 = Release|Any CPU
		{57E6CD4B-2DCF-4AE4-8669-FDB0797368F7}.Debug|Any CPU.ActiveCfg = Debug|Any CPU
		{57E6CD4B-2DCF-4AE4-8669-FDB0797368F7}.Debug|Any CPU.Build.0 = Debug|Any CPU
		{57E6CD4B-2DCF-4AE4-8669-FDB0797368F7}.Release|Any CPU.ActiveCfg = Release|Any CPU
		{57E6CD4B-2DCF-4AE4-8669-FDB0797368F7}.Release|Any CPU.Build.0 = Release|Any CPU
		{734144CF-3FC3-4101-B4B9-E714CF9C393B}.Debug|Any CPU.ActiveCfg = Debug|Any CPU
		{734144CF-3FC3-4101-B4B9-E714CF9C393B}.Release|Any CPU.ActiveCfg = Debug|Any CPU
		{734144CF-3FC3-4101-B4B9-E714CF9C393B}.Release|Any CPU.Build.0 = Debug|Any CPU
		{358073F5-CC51-4419-8E63-43F534575BE9}.Debug|Any CPU.ActiveCfg = Debug|Any CPU
		{358073F5-CC51-4419-8E63-43F534575BE9}.Debug|Any CPU.Build.0 = Debug|Any CPU
		{358073F5-CC51-4419-8E63-43F534575BE9}.Release|Any CPU.ActiveCfg = Debug|Any CPU
		{358073F5-CC51-4419-8E63-43F534575BE9}.Release|Any CPU.Build.0 = Debug|Any CPU
		{2E7EF15C-1E90-4DD4-BCAE-9FB3193FBAD4}.Debug|Any CPU.ActiveCfg = Debug|Any CPU
		{2E7EF15C-1E90-4DD4-BCAE-9FB3193FBAD4}.Debug|Any CPU.Build.0 = Debug|Any CPU
		{2E7EF15C-1E90-4DD4-BCAE-9FB3193FBAD4}.Release|Any CPU.ActiveCfg = Release|Any CPU
		{2E7EF15C-1E90-4DD4-BCAE-9FB3193FBAD4}.Release|Any CPU.Build.0 = Release|Any CPU
	EndGlobalSection
	GlobalSection(SolutionProperties) = preSolution
		HideSolutionNode = FALSE
	EndGlobalSection
EndGlobal
